
Microsoft Visual Studio Solution File, Format Version 12.00
# Visual Studio 15
VisualStudioVersion = 15.0.27428.2043
MinimumVisualStudioVersion = 10.0.40219.1
Project("{9A19103F-16F7-4668-BE54-9A1E7A4F7556}") = "Zxw.Framework.Website.Models", "Zxw.Framework.Website.Models\Zxw.Framework.Website.Models.csproj", "{0D90B8EB-2074-405A-B2E1-72F2FE6585FE}"
EndProject
Project("{9A19103F-16F7-4668-BE54-9A1E7A4F7556}") = "Zxw.Framework.Website.IRepositories", "Zxw.Framework.Website.IRepositories\Zxw.Framework.Website.IRepositories.csproj", "{299104AF-EBD2-4904-982D-11D0C8E09F06}"
EndProject
Project("{9A19103F-16F7-4668-BE54-9A1E7A4F7556}") = "Zxw.Framework.Website.ViewModels", "Zxw.Framework.Website.ViewModels\Zxw.Framework.Website.ViewModels.csproj", "{C85FC374-EBC9-4296-89FD-EA70EDA4EFEF}"
EndProject
Project("{9A19103F-16F7-4668-BE54-9A1E7A4F7556}") = "Zxw.Framework.Website.Repositories", "Zxw.Framework.Website.Repositories\Zxw.Framework.Website.Repositories.csproj", "{E550794A-BD9A-40C3-8491-7E72E6377825}"
EndProject
Project("{9A19103F-16F7-4668-BE54-9A1E7A4F7556}") = "Zxw.Framework.Website.Controllers", "Zxw.Framework.Website.Controllers\Zxw.Framework.Website.Controllers.csproj", "{F8405975-46F5-43D8-931E-98855C707793}"
EndProject
Project("{9A19103F-16F7-4668-BE54-9A1E7A4F7556}") = "Zxw.Framework.Website", "Zxw.Framework.Website\Zxw.Framework.Website.csproj", "{C8446360-B218-48AB-A944-9298E3FCA368}"
EndProject
Global
	GlobalSection(SolutionConfigurationPlatforms) = preSolution
		Debug|Any CPU = Debug|Any CPU
		Release|Any CPU = Release|Any CPU
	EndGlobalSection
	GlobalSection(ProjectConfigurationPlatforms) = postSolution
		{0D90B8EB-2074-405A-B2E1-72F2FE6585FE}.Debug|Any CPU.ActiveCfg = Debug|Any CPU
		{0D90B8EB-2074-405A-B2E1-72F2FE6585FE}.Debug|Any CPU.Build.0 = Debug|Any CPU
		{0D90B8EB-2074-405A-B2E1-72F2FE6585FE}.Release|Any CPU.ActiveCfg = Release|Any CPU
		{0D90B8EB-2074-405A-B2E1-72F2FE6585FE}.Release|Any CPU.Build.0 = Release|Any CPU
		{299104AF-EBD2-4904-982D-11D0C8E09F06}.Debug|Any CPU.ActiveCfg = Debug|Any CPU
		{299104AF-EBD2-4904-982D-11D0C8E09F06}.Debug|Any CPU.Build.0 = Debug|Any CPU
		{299104AF-EBD2-4904-982D-11D0C8E09F06}.Release|Any CPU.ActiveCfg = Release|Any CPU
		{299104AF-EBD2-4904-982D-11D0C8E09F06}.Release|Any CPU.Build.0 = Release|Any CPU
		{C85FC374-EBC9-4296-89FD-EA70EDA4EFEF}.Debug|Any CPU.ActiveCfg = Debug|Any CPU
		{C85FC374-EBC9-4296-89FD-EA70EDA4EFEF}.Debug|Any CPU.Build.0 = Debug|Any CPU
		{C85FC374-EBC9-4296-89FD-EA70EDA4EFEF}.Release|Any CPU.ActiveCfg = Release|Any CPU
		{C85FC374-EBC9-4296-89FD-EA70EDA4EFEF}.Release|Any CPU.Build.0 = Release|Any CPU
		{E550794A-BD9A-40C3-8491-7E72E6377825}.Debug|Any CPU.ActiveCfg = Debug|Any CPU
		{E550794A-BD9A-40C3-8491-7E72E6377825}.Debug|Any CPU.Build.0 = Debug|Any CPU
		{E550794A-BD9A-40C3-8491-7E72E6377825}.Release|Any CPU.ActiveCfg = Release|Any CPU
		{E550794A-BD9A-40C3-8491-7E72E6377825}.Release|Any CPU.Build.0 = Release|Any CPU
		{F8405975-46F5-43D8-931E-98855C707793}.Debug|Any CPU.ActiveCfg = Debug|Any CPU
		{F8405975-46F5-43D8-931E-98855C707793}.Debug|Any CPU.Build.0 = Debug|Any CPU
		{F8405975-46F5-43D8-931E-98855C707793}.Release|Any CPU.ActiveCfg = Release|Any CPU
		{F8405975-46F5-43D8-931E-98855C707793}.Release|Any CPU.Build.0 = Release|Any CPU
		{C8446360-B218-48AB-A944-9298E3FCA368}.Debug|Any CPU.ActiveCfg = Debug|Any CPU
		{C8446360-B218-48AB-A944-9298E3FCA368}.Debug|Any CPU.Build.0 = Debug|Any CPU
		{C8446360-B218-48AB-A944-9298E3FCA368}.Release|Any CPU.ActiveCfg = Release|Any CPU
		{C8446360-B218-48AB-A944-9298E3FCA368}.Release|Any CPU.Build.0 = Release|Any CPU
	EndGlobalSection
	GlobalSection(SolutionProperties) = preSolution
		HideSolutionNode = FALSE
	EndGlobalSection
	GlobalSection(ExtensibilityGlobals) = postSolution
		SolutionGuid = {64CF0070-6C93-48BD-8E27-5FECFA9FE994}
	EndGlobalSection
EndGlobal
