
Microsoft Visual Studio Solution File, Format Version 12.00
# Visual Studio 15
VisualStudioVersion = 15.0.27428.2043
MinimumVisualStudioVersion = 10.0.40219.1
Project("{FAE04EC0-301F-11D3-BF4B-00C04F79EFBC}") = "Zxw.Framework.NetCore.Demo", "Zxw.Framework.NetCore.Demo\Zxw.Framework.NetCore.Demo.csproj", "{0F9EA583-A0EB-4B1B-9736-51F1DC26114E}"
EndProject
Global
	GlobalSection(SolutionConfigurationPlatforms) = preSolution
		Debug|Any CPU = Debug|Any CPU
		Release|Any CPU = Release|Any CPU
	EndGlobalSection
	GlobalSection(ProjectConfigurationPlatforms) = postSolution
		{0F9EA583-A0EB-4B1B-9736-51F1DC26114E}.Debug|Any CPU.ActiveCfg = Debug|Any CPU
		{0F9EA583-A0EB-4B1B-9736-51F1DC26114E}.Debug|Any CPU.Build.0 = Debug|Any CPU
		{0F9EA583-A0EB-4B1B-9736-51F1DC26114E}.Release|Any CPU.ActiveCfg = Release|Any CPU
		{0F9EA583-A0EB-4B1B-9736-51F1DC26114E}.Release|Any CPU.Build.0 = Release|Any CPU
	EndGlobalSection
	GlobalSection(SolutionProperties) = preSolution
		HideSolutionNode = FALSE
	EndGlobalSection
	GlobalSection(ExtensibilityGlobals) = postSolution
		SolutionGuid = {64CF0070-6C93-48BD-8E27-5FECFA9FE994}
	EndGlobalSection
EndGlobal
